
Microsoft Visual Studio Solution File, Format Version 12.00
# Visual Studio Version 16
VisualStudioVersion = 16.0.31727.386
MinimumVisualStudioVersion = 15.0.26124.0
Project("{6EC3EE1D-3C4E-46DD-8F32-0CC8E7565705}") = "Fenrir", "Fenrir\Fenrir.fsproj", "{A5DE250A-86FD-49A4-B6BA-AFE9D9109949}"
EndProject
Project("{6EC3EE1D-3C4E-46DD-8F32-0CC8E7565705}") = "Fenrir.Tests", "Fenrir.Tests\Fenrir.Tests.fsproj", "{DD7316D0-C99B-458F-BA38-73A66A28F07B}"
EndProject
Project("{6EC3EE1D-3C4E-46DD-8F32-0CC8E7565705}") = "Fenrir.Ui.Framework", "Fenrir.Ui.Framework\Fenrir.Ui.Framework.fsproj", "{212A6DD4-410B-4F28-A0FF-22EA1FB34A63}"
EndProject
Project("{F2A71F9B-5D33-465A-A702-920D77279786}") = "Fenrir.Application", "Fenrir.Application\Fenrir.Application.fsproj", "{112F3687-6BE8-4317-894B-9DAE58A2818D}"
EndProject
Project("{2150E333-8FDC-42A3-9474-1A3956D46DE8}") = "Solution Items", "Solution Items", "{3066AB95-F91A-4C05-8179-DAF6F35C0194}"
	ProjectSection(SolutionItems) = preProject
		README.md = README.md
		CONTRIBUTING.md = CONTRIBUTING.md
		.editorconfig = .editorconfig
		CHANGELOG.md = CHANGELOG.md
		.gitignore = .gitignore
		REUSE.toml = REUSE.toml
	EndProjectSection
EndProject
Project("{2150E333-8FDC-42A3-9474-1A3956D46DE8}") = "scripts", "scripts", "{37868304-DAEC-46B7-AEE7-03B0B117A051}"
	ProjectSection(SolutionItems) = preProject
		scripts\Test-Encoding.ps1 = scripts\Test-Encoding.ps1
	EndProjectSection
EndProject
Project("{2150E333-8FDC-42A3-9474-1A3956D46DE8}") = ".github", ".github", "{153DB267-A8D5-4621-A2E3-8DCFB73EC587}"
EndProject
Project("{2150E333-8FDC-42A3-9474-1A3956D46DE8}") = "workflows", "workflows", "{103D6203-641C-4866-A259-D81ADC1EEA8A}"
	ProjectSection(SolutionItems) = preProject
		.github\workflows\main.yml = .github\workflows\main.yml
		.github\workflows\nuget.yml = .github\workflows\nuget.yml
	EndProjectSection
EndProject
Global
	GlobalSection(SolutionConfigurationPlatforms) = preSolution
		Debug|Any CPU = Debug|Any CPU
		Release|Any CPU = Release|Any CPU
	EndGlobalSection
	GlobalSection(ProjectConfigurationPlatforms) = postSolution
		{A5DE250A-86FD-49A4-B6BA-AFE9D9109949}.Debug|Any CPU.ActiveCfg = Debug|Any CPU
		{A5DE250A-86FD-49A4-B6BA-AFE9D9109949}.Debug|Any CPU.Build.0 = Debug|Any CPU
		{A5DE250A-86FD-49A4-B6BA-AFE9D9109949}.Release|Any CPU.ActiveCfg = Release|Any CPU
		{A5DE250A-86FD-49A4-B6BA-AFE9D9109949}.Release|Any CPU.Build.0 = Release|Any CPU
		{DD7316D0-C99B-458F-BA38-73A66A28F07B}.Debug|Any CPU.ActiveCfg = Debug|Any CPU
		{DD7316D0-C99B-458F-BA38-73A66A28F07B}.Debug|Any CPU.Build.0 = Debug|Any CPU
		{DD7316D0-C99B-458F-BA38-73A66A28F07B}.Release|Any CPU.ActiveCfg = Release|Any CPU
		{DD7316D0-C99B-458F-BA38-73A66A28F07B}.Release|Any CPU.Build.0 = Release|Any CPU
		{212A6DD4-410B-4F28-A0FF-22EA1FB34A63}.Debug|Any CPU.ActiveCfg = Debug|Any CPU
		{212A6DD4-410B-4F28-A0FF-22EA1FB34A63}.Debug|Any CPU.Build.0 = Debug|Any CPU
		{212A6DD4-410B-4F28-A0FF-22EA1FB34A63}.Release|Any CPU.ActiveCfg = Release|Any CPU
		{212A6DD4-410B-4F28-A0FF-22EA1FB34A63}.Release|Any CPU.Build.0 = Release|Any CPU
		{112F3687-6BE8-4317-894B-9DAE58A2818D}.Debug|Any CPU.ActiveCfg = Debug|Any CPU
		{112F3687-6BE8-4317-894B-9DAE58A2818D}.Debug|Any CPU.Build.0 = Debug|Any CPU
		{112F3687-6BE8-4317-894B-9DAE58A2818D}.Release|Any CPU.ActiveCfg = Release|Any CPU
		{112F3687-6BE8-4317-894B-9DAE58A2818D}.Release|Any CPU.Build.0 = Release|Any CPU
	EndGlobalSection
	GlobalSection(SolutionProperties) = preSolution
		HideSolutionNode = FALSE
	EndGlobalSection
	GlobalSection(ExtensibilityGlobals) = postSolution
		SolutionGuid = {4D034E21-8156-4D69-8EC2-37DB062067BF}
	EndGlobalSection
	GlobalSection(NestedProjects) = preSolution
		{103D6203-641C-4866-A259-D81ADC1EEA8A} = {153DB267-A8D5-4621-A2E3-8DCFB73EC587}
	EndGlobalSection
EndGlobal
